Microsoft Visual Studio Solution File, Format Version 12.00
# Visual Studio Version 17
VisualStudioVersion = 17.1.32319.34
MinimalVisualStudioVersion = 10.0.40219.1
Project("{2150E333-8FDC-42A3-9474-1A3956D46DE8}") = "06 Tests", "06 Tests", "{2446A02E-3196-4A9D-93FE-2F18F093A466}"
EndProject
Project("{2150E333-8FDC-42A3-9474-1A3956D46DE8}") = "05 Database", "05 Database", "{4D8B72C8-5089-4064-847F-5B1D41D9EA6F}"
EndProject
Project("{2150E333-8FDC-42A3-9474-1A3956D46DE8}") = "02 Core", "02 Core", "{D8B05A7F-DABF-4E75-AC93-CE78506AE9DC}"
EndProject
Project("{2150E333-8FDC-42A3-9474-1A3956D46DE8}") = "04 Common", "04 Common", "{64BEE539-3166-40B4-A75F-71DC40D29A61}"
EndProject
Project("{2150E333-8FDC-42A3-9474-1A3956D46DE8}") = "01 Apis", "01 Apis", "{62BBBDBE-A110-4A76-AD08-520728FE86E0}"
EndProject
Project("{2150E333-8FDC-42A3-9474-1A3956D46DE8}") = "Solution Items", "Solution Items", "{4E59114B-97CF-48F3-B701-30C7A2AB7739}"
	ProjectSection(SolutionItems) = preProject
		.editorconfig = .editorconfig
		StyleCopRuleSet.ruleset = StyleCopRuleSet.ruleset
	EndProjectSection
EndProject
Project("{9A19103F-16F7-4668-BE54-9A1E7A4F7556}") = "Api", "Api\Api.csproj", "{7751005A-5482-41B1-9E8E-1FA56B18AEC0}"
EndProject
Project("{9A19103F-16F7-4668-BE54-9A1E7A4F7556}") = "DataAccess", "DataAccess\DataAccess.csproj", "{7B387966-1859-435B-BFAD-01433C9B90DF}"
EndProject
Project("{9A19103F-16F7-4668-BE54-9A1E7A4F7556}") = "Test", "Test\Test.csproj", "{DC4FB81D-2052-4AD7-8015-6AC105C9DF84}"
EndProject
Project("{9A19103F-16F7-4668-BE54-9A1E7A4F7556}") = "DataAccess.Contracts", "DataAccess.Contracts\DataAccess.Contracts.csproj", "{E090206D-8D1F-4974-BF93-878665729743}"
EndProject
Project("{9A19103F-16F7-4668-BE54-9A1E7A4F7556}") = "Benchmark.Testing", "Benchmark.Testing\Benchmark.Testing.csproj", "{617F1D61-72DB-422E-BD30-A182128FFDB7}"
EndProject
Project("{9A19103F-16F7-4668-BE54-9A1E7A4F7556}") = "Api.Client", "Api.Client\Api.Client.csproj", "{9D044123-3AB2-4385-9929-B0D2A37CFFA9}"
EndProject
Project("{9A19103F-16F7-4668-BE54-9A1E7A4F7556}") = "Common", "Common\Common.csproj", "{C3FE04AE-BE6A-4823-898A-165C938808AD}"
EndProject
Project("{9A19103F-16F7-4668-BE54-9A1E7A4F7556}") = "Core", "Core\Core.csproj", "{CFE13F86-9DF6-4833-91F1-AD3CC8079108}"
EndProject
Project("{2150E333-8FDC-42A3-9474-1A3956D46DE8}") = "03 Providers", "03 Providers", "{F62C54AE-A1C1-48CA-8FE2-FFE039FA1F7C}"
EndProject
Project("{9A19103F-16F7-4668-BE54-9A1E7A4F7556}") = "Providers", "Providers\Providers.csproj", "{317A489D-A373-43E9-B039-8DD4CD39F8A3}"
EndProject
Project("{9A19103F-16F7-4668-BE54-9A1E7A4F7556}") = "Providers.Contracts", "Providers.Contracts\Providers.Contracts.csproj", "{33D4B364-A064-4EC3-9B52-87CCD3DA2D9A}"
EndProject
Global
	GlobalSection(SolutionConfigurationPlatforms) = preSolution
		Debug|Any CPU = Debug|Any CPU
		Release|Any CPU = Release|Any CPU
	EndGlobalSection
	GlobalSection(ProjectConfigurationPlatforms) = postSolution
		{7751005A-5482-41B1-9E8E-1FA56B18AEC0}.Debug|Any CPU.ActiveCfg = Debug|Any CPU
		{7751005A-5482-41B1-9E8E-1FA56B18AEC0}.Debug|Any CPU.Build.0 = Debug|Any CPU
		{7751005A-5482-41B1-9E8E-1FA56B18AEC0}.Release|Any CPU.ActiveCfg = Release|Any CPU
		{7751005A-5482-41B1-9E8E-1FA56B18AEC0}.Release|Any CPU.Build.0 = Release|Any CPU
		{7B387966-1859-435B-BFAD-01433C9B90DF}.Debug|Any CPU.ActiveCfg = Debug|Any CPU
		{7B387966-1859-435B-BFAD-01433C9B90DF}.Debug|Any CPU.Build.0 = Debug|Any CPU
		{7B387966-1859-435B-BFAD-01433C9B90DF}.Release|Any CPU.ActiveCfg = Release|Any CPU
		{7B387966-1859-435B-BFAD-01433C9B90DF}.Release|Any CPU.Build.0 = Release|Any CPU
		{DC4FB81D-2052-4AD7-8015-6AC105C9DF84}.Debug|Any CPU.ActiveCfg = Debug|Any CPU
		{DC4FB81D-2052-4AD7-8015-6AC105C9DF84}.Debug|Any CPU.Build.0 = Debug|Any CPU
		{DC4FB81D-2052-4AD7-8015-6AC105C9DF84}.Release|Any CPU.ActiveCfg = Release|Any CPU
		{DC4FB81D-2052-4AD7-8015-6AC105C9DF84}.Release|Any CPU.Build.0 = Release|Any CPU
		{E090206D-8D1F-4974-BF93-878665729743}.Debug|Any CPU.ActiveCfg = Debug|Any CPU
		{E090206D-8D1F-4974-BF93-878665729743}.Debug|Any CPU.Build.0 = Debug|Any CPU
		{E090206D-8D1F-4974-BF93-878665729743}.Release|Any CPU.ActiveCfg = Release|Any CPU
		{E090206D-8D1F-4974-BF93-878665729743}.Release|Any CPU.Build.0 = Release|Any CPU
		{617F1D61-72DB-422E-BD30-A182128FFDB7}.Debug|Any CPU.ActiveCfg = Debug|Any CPU
		{617F1D61-72DB-422E-BD30-A182128FFDB7}.Debug|Any CPU.Build.0 = Debug|Any CPU
		{617F1D61-72DB-422E-BD30-A182128FFDB7}.Release|Any CPU.ActiveCfg = Release|Any CPU
		{617F1D61-72DB-422E-BD30-A182128FFDB7}.Release|Any CPU.Build.0 = Release|Any CPU
		{9D044123-3AB2-4385-9929-B0D2A37CFFA9}.Debug|Any CPU.ActiveCfg = Debug|Any CPU
		{9D044123-3AB2-4385-9929-B0D2A37CFFA9}.Debug|Any CPU.Build.0 = Debug|Any CPU
		{9D044123-3AB2-4385-9929-B0D2A37CFFA9}.Release|Any CPU.ActiveCfg = Release|Any CPU
		{9D044123-3AB2-4385-9929-B0D2A37CFFA9}.Release|Any CPU.Build.0 = Release|Any CPU
		{C3FE04AE-BE6A-4823-898A-165C938808AD}.Debug|Any CPU.ActiveCfg = Debug|Any CPU
		{C3FE04AE-BE6A-4823-898A-165C938808AD}.Debug|Any CPU.Build.0 = Debug|Any CPU
		{C3FE04AE-BE6A-4823-898A-165C938808AD}.Release|Any CPU.ActiveCfg = Release|Any CPU
		{C3FE04AE-BE6A-4823-898A-165C938808AD}.Release|Any CPU.Build.0 = Release|Any CPU
		{CFE13F86-9DF6-4833-91F1-AD3CC8079108}.Debug|Any CPU.ActiveCfg = Debug|Any CPU
		{CFE13F86-9DF6-4833-91F1-AD3CC8079108}.Debug|Any CPU.Build.0 = Debug|Any CPU
		{CFE13F86-9DF6-4833-91F1-AD3CC8079108}.Release|Any CPU.ActiveCfg = Release|Any CPU
		{CFE13F86-9DF6-4833-91F1-AD3CC8079108}.Release|Any CPU.Build.0 = Release|Any CPU
		{317A489D-A373-43E9-B039-8DD4CD39F8A3}.Debug|Any CPU.ActiveCfg = Debug|Any CPU
		{317A489D-A373-43E9-B039-8DD4CD39F8A3}.Debug|Any CPU.Build.0 = Debug|Any CPU
		{317A489D-A373-43E9-B039-8DD4CD39F8A3}.Release|Any CPU.ActiveCfg = Release|Any CPU
		{317A489D-A373-43E9-B039-8DD4CD39F8A3}.Release|Any CPU.Build.0 = Release|Any CPU
		{33D4B364-A064-4EC3-9B52-87CCD3DA2D9A}.Debug|Any CPU.ActiveCfg = Debug|Any CPU
		{33D4B364-A064-4EC3-9B52-87CCD3DA2D9A}.Debug|Any CPU.Build.0 = Debug|Any CPU
		{33D4B364-A064-4EC3-9B52-87CCD3DA2D9A}.Release|Any CPU.ActiveCfg = Release|Any CPU
		{33D4B364-A064-4EC3-9B52-87CCD3DA2D9A}.Release|Any CPU.Build.0 = Release|Any CPU
	EndGlobalSection
	GlobalSection(SolutionProperties) = preSolution
		HideSolutionNode = FALSE
	EndGlobalSection
	GlobalSection(NestedProjects) = preSolution
		{7751005A-5482-41B1-9E8E-1FA56B18AEC0} = {62BBBDBE-A110-4A76-AD08-520728FE86E0}
		{7B387966-1859-435B-BFAD-01433C9B90DF} = {4D8B72C8-5089-4064-847F-5B1D41D9EA6F}
		{DC4FB81D-2052-4AD7-8015-6AC105C9DF84} = {2446A02E-3196-4A9D-93FE-2F18F093A466}
		{E090206D-8D1F-4974-BF93-878665729743} = {4D8B72C8-5089-4064-847F-5B1D41D9EA6F}
		{617F1D61-72DB-422E-BD30-A182128FFDB7} = {2446A02E-3196-4A9D-93FE-2F18F093A466}
		{9D044123-3AB2-4385-9929-B0D2A37CFFA9} = {62BBBDBE-A110-4A76-AD08-520728FE86E0}
		{C3FE04AE-BE6A-4823-898A-165C938808AD} = {64BEE539-3166-40B4-A75F-71DC40D29A61}
		{CFE13F86-9DF6-4833-91F1-AD3CC8079108} = {D8B05A7F-DABF-4E75-AC93-CE78506AE9DC}
		{317A489D-A373-43E9-B039-8DD4CD39F8A3} = {F62C54AE-A1C1-48CA-8FE2-FFE039FA1F7C}
		{33D4B364-A064-4EC3-9B52-87CCD3DA2D9A} = {F62C54AE-A1C1-48CA-8FE2-FFE039FA1F7C}
	EndGlobalSection
	GlobalSection(ExtensibilityGlobals) = postSolution
		SolutionGuid = {57A0043C-1F66-4E43-8043-3160E3101416}
	EndGlobalSection
EndGlobal
