Microsoft Visual Studio Solution File, Format Version 12.00
# Visual Studio Version 17
VisualStudioVersion = 17.1.32319.34
MinimumVisualStudioVersion = 10.0.40219.1
Project("{2150E333-8FDC-42A3-9474-1A3956D46DE8}") = "04 Tests", "04 Tests", "{2446A02E-3196-4A9D-93FE-2F18F093A466}"
EndProject
Project("{2150E333-8FDC-42A3-9474-1A3956D46DE8}") = "02 Core", "02 Core", "{D8B05A7F-DABF-4E75-AC93-CE78506AE9DC}"
EndProject
Project("{2150E333-8FDC-42A3-9474-1A3956D46DE8}") = "01 Apis", "01 Apis", "{62BBBDBE-A110-4A76-AD08-520728FE86E0}"
EndProject
Project("{2150E333-8FDC-42A3-9474-1A3956D46DE8}") = "Solution Items", "Solution Items", "{4E59114B-97CF-48F3-B701-30C7A2AB7739}"
	ProjectSection(SolutionItems) = preProject
		.editorconfig = .editorconfig
		StyleCopRuleSet.ruleset = StyleCopRuleSet.ruleset
	EndProjectSection
EndProject
Project("{9A19103F-16F7-4668-BE54-9A1E7A4F7556}") = "Test", "Test\Test.csproj", "{DC4FB81D-2052-4AD7-8015-6AC105C9DF84}"
EndProject
Project("{9A19103F-16F7-4668-BE54-9A1E7A4F7556}") = "Benchmark.Testing", "Benchmark.Testing\Benchmark.Testing.csproj", "{617F1D61-72DB-422E-BD30-A182128FFDB7}"
EndProject
Project("{9A19103F-16F7-4668-BE54-9A1E7A4F7556}") = "Core", "Core\Core.csproj", "{CFE13F86-9DF6-4833-91F1-AD3CC8079108}"
EndProject
Project("{FAE04EC0-301F-11D3-BF4B-00C04F79EFBC}") = "AspireHost", "AspireHost\AspireHost.csproj", "{3C43E828-3263-4F1B-943C-53687FA6E5F1}"
EndProject
Project("{FAE04EC0-301F-11D3-BF4B-00C04F79EFBC}") = "Api", "Api\Api.csproj", "{E5B52B68-B013-4DA2-89E0-2FBDFA719EF8}"
EndProject
Project("{FAE04EC0-301F-11D3-BF4B-00C04F79EFBC}") = "Api.Client", "Api.Client\Api.Client.csproj", "{8BCEDE6C-49A9-4FA9-B188-8EE5C00278F8}"
EndProject
Project("{FAE04EC0-301F-11D3-BF4B-00C04F79EFBC}") = "Common", "Common\Common.csproj", "{90F36151-C787-48F4-AAEE-F610072E716F}"
EndProject
Project("{2150E333-8FDC-42A3-9474-1A3956D46DE8}") = "03 Common", "03 Common", "{0B8424B9-3D44-49A8-85D7-043611609DA2}"
EndProject
Global
	GlobalSection(SolutionConfigurationPlatforms) = preSolution
		Debug|Any CPU = Debug|Any CPU
		Release|Any CPU = Release|Any CPU
	EndGlobalSection
	GlobalSection(ProjectConfigurationPlatforms) = postSolution
		{DC4FB81D-2052-4AD7-8015-6AC105C9DF84}.Debug|Any CPU.ActiveCfg = Debug|Any CPU
		{DC4FB81D-2052-4AD7-8015-6AC105C9DF84}.Debug|Any CPU.Build.0 = Debug|Any CPU
		{DC4FB81D-2052-4AD7-8015-6AC105C9DF84}.Release|Any CPU.ActiveCfg = Release|Any CPU
		{DC4FB81D-2052-4AD7-8015-6AC105C9DF84}.Release|Any CPU.Build.0 = Release|Any CPU
		{617F1D61-72DB-422E-BD30-A182128FFDB7}.Debug|Any CPU.ActiveCfg = Debug|Any CPU
		{617F1D61-72DB-422E-BD30-A182128FFDB7}.Debug|Any CPU.Build.0 = Debug|Any CPU
		{617F1D61-72DB-422E-BD30-A182128FFDB7}.Release|Any CPU.ActiveCfg = Release|Any CPU
		{617F1D61-72DB-422E-BD30-A182128FFDB7}.Release|Any CPU.Build.0 = Release|Any CPU
		{CFE13F86-9DF6-4833-91F1-AD3CC8079108}.Debug|Any CPU.ActiveCfg = Debug|Any CPU
		{CFE13F86-9DF6-4833-91F1-AD3CC8079108}.Debug|Any CPU.Build.0 = Debug|Any CPU
		{CFE13F86-9DF6-4833-91F1-AD3CC8079108}.Release|Any CPU.ActiveCfg = Release|Any CPU
		{CFE13F86-9DF6-4833-91F1-AD3CC8079108}.Release|Any CPU.Build.0 = Release|Any CPU
		{3C43E828-3263-4F1B-943C-53687FA6E5F1}.Debug|Any CPU.ActiveCfg = Debug|Any CPU
		{3C43E828-3263-4F1B-943C-53687FA6E5F1}.Debug|Any CPU.Build.0 = Debug|Any CPU
		{3C43E828-3263-4F1B-943C-53687FA6E5F1}.Release|Any CPU.ActiveCfg = Release|Any CPU
		{3C43E828-3263-4F1B-943C-53687FA6E5F1}.Release|Any CPU.Build.0 = Release|Any CPU
		{E5B52B68-B013-4DA2-89E0-2FBDFA719EF8}.Debug|Any CPU.ActiveCfg = Debug|Any CPU
		{E5B52B68-B013-4DA2-89E0-2FBDFA719EF8}.Debug|Any CPU.Build.0 = Debug|Any CPU
		{E5B52B68-B013-4DA2-89E0-2FBDFA719EF8}.Release|Any CPU.ActiveCfg = Release|Any CPU
		{E5B52B68-B013-4DA2-89E0-2FBDFA719EF8}.Release|Any CPU.Build.0 = Release|Any CPU
		{8BCEDE6C-49A9-4FA9-B188-8EE5C00278F8}.Debug|Any CPU.ActiveCfg = Debug|Any CPU
		{8BCEDE6C-49A9-4FA9-B188-8EE5C00278F8}.Debug|Any CPU.Build.0 = Debug|Any CPU
		{8BCEDE6C-49A9-4FA9-B188-8EE5C00278F8}.Release|Any CPU.ActiveCfg = Release|Any CPU
		{8BCEDE6C-49A9-4FA9-B188-8EE5C00278F8}.Release|Any CPU.Build.0 = Release|Any CPU
		{90F36151-C787-48F4-AAEE-F610072E716F}.Debug|Any CPU.ActiveCfg = Debug|Any CPU
		{90F36151-C787-48F4-AAEE-F610072E716F}.Debug|Any CPU.Build.0 = Debug|Any CPU
		{90F36151-C787-48F4-AAEE-F610072E716F}.Release|Any CPU.ActiveCfg = Release|Any CPU
		{90F36151-C787-48F4-AAEE-F610072E716F}.Release|Any CPU.Build.0 = Release|Any CPU
	EndGlobalSection
	GlobalSection(SolutionProperties) = preSolution
		HideSolutionNode = FALSE
	EndGlobalSection
	GlobalSection(NestedProjects) = preSolution
		{DC4FB81D-2052-4AD7-8015-6AC105C9DF84} = {2446A02E-3196-4A9D-93FE-2F18F093A466}
		{617F1D61-72DB-422E-BD30-A182128FFDB7} = {2446A02E-3196-4A9D-93FE-2F18F093A466}
		{CFE13F86-9DF6-4833-91F1-AD3CC8079108} = {D8B05A7F-DABF-4E75-AC93-CE78506AE9DC}
		{3C43E828-3263-4F1B-943C-53687FA6E5F1} = {62BBBDBE-A110-4A76-AD08-520728FE86E0}
		{E5B52B68-B013-4DA2-89E0-2FBDFA719EF8} = {62BBBDBE-A110-4A76-AD08-520728FE86E0}
		{8BCEDE6C-49A9-4FA9-B188-8EE5C00278F8} = {62BBBDBE-A110-4A76-AD08-520728FE86E0}
		{90F36151-C787-48F4-AAEE-F610072E716F} = {0B8424B9-3D44-49A8-85D7-043611609DA2}
	EndGlobalSection
	GlobalSection(ExtensibilityGlobals) = postSolution
		SolutionGuid = {57A0043C-1F66-4E43-8043-3160E3101416}
	EndGlobalSection
EndGlobal
